
Microsoft Visual Studio Solution File, Format Version 12.00
# Visual Studio Version 16
VisualStudioVersion = 16.0.31727.386
MinimumVisualStudioVersion = 10.0.40219.1
Project("{FAE04EC0-301F-11D3-BF4B-00C04F79EFBC}") = "fractions", "fractions\fractions.csproj", "{94F1BBB1-117C-4676-AF09-618FA56B09DB}"
EndProject
Global
	GlobalSection(SolutionConfigurationPlatforms) = preSolution
		Debug|Any CPU = Debug|Any CPU
		Release|Any CPU = Release|Any CPU
	EndGlobalSection
	GlobalSection(ProjectConfigurationPlatforms) = postSolution
		{94F1BBB1-117C-4676-AF09-618FA56B09DB}.Debug|Any CPU.ActiveCfg = Debug|Any CPU
		{94F1BBB1-117C-4676-AF09-618FA56B09DB}.Debug|Any CPU.Build.0 = Debug|Any CPU
		{94F1BBB1-117C-4676-AF09-618FA56B09DB}.Release|Any CPU.ActiveCfg = Release|Any CPU
		{94F1BBB1-117C-4676-AF09-618FA56B09DB}.Release|Any CPU.Build.0 = Release|Any CPU
	EndGlobalSection
	GlobalSection(SolutionProperties) = preSolution
		HideSolutionNode = FALSE
	EndGlobalSection
	GlobalSection(ExtensibilityGlobals) = postSolution
		SolutionGuid = {C7374C82-FF0A-42D0-A59B-1D0ADCD83000}
	EndGlobalSection
EndGlobal
